
Microsoft Visual Studio Solution File, Format Version 12.00
# Visual Studio 15
Project("{FAE04EC0-301F-11D3-BF4B-00C04F79EFBC}") = "Drill_300", "Drill_300\Drill_300.csproj", "{5857CFAD-E59D-42D4-90CD-F7EC4BB94C87}"
EndProject
Global
	GlobalSection(SolutionConfigurationPlatforms) = preSolution
		Debug|Any CPU = Debug|Any CPU
		Release|Any CPU = Release|Any CPU
	EndGlobalSection
	GlobalSection(ProjectConfigurationPlatforms) = postSolution
		{5857CFAD-E59D-42D4-90CD-F7EC4BB94C87}.Debug|Any CPU.ActiveCfg = Debug|Any CPU
		{5857CFAD-E59D-42D4-90CD-F7EC4BB94C87}.Debug|Any CPU.Build.0 = Debug|Any CPU
		{5857CFAD-E59D-42D4-90CD-F7EC4BB94C87}.Release|Any CPU.ActiveCfg = Release|Any CPU
		{5857CFAD-E59D-42D4-90CD-F7EC4BB94C87}.Release|Any CPU.Build.0 = Release|Any CPU
	EndGlobalSection
EndGlobal
