
Microsoft Visual Studio Solution File, Format Version 12.00
# Visual Studio 15
Project("{FAE04EC0-301F-11D3-BF4B-00C04F79EFBC}") = "Drill_198", "Drill_198\Drill_198.csproj", "{87AA1418-AC49-47DF-9B53-57975346D29C}"
EndProject
Global
	GlobalSection(SolutionConfigurationPlatforms) = preSolution
		Debug|Any CPU = Debug|Any CPU
		Release|Any CPU = Release|Any CPU
	EndGlobalSection
	GlobalSection(ProjectConfigurationPlatforms) = postSolution
		{87AA1418-AC49-47DF-9B53-57975346D29C}.Debug|Any CPU.ActiveCfg = Debug|Any CPU
		{87AA1418-AC49-47DF-9B53-57975346D29C}.Debug|Any CPU.Build.0 = Debug|Any CPU
		{87AA1418-AC49-47DF-9B53-57975346D29C}.Release|Any CPU.ActiveCfg = Release|Any CPU
		{87AA1418-AC49-47DF-9B53-57975346D29C}.Release|Any CPU.Build.0 = Release|Any CPU
	EndGlobalSection
EndGlobal
