
Microsoft Visual Studio Solution File, Format Version 12.00
# Visual Studio Version 16
VisualStudioVersion = 16.0.30804.86
MinimumVisualStudioVersion = 10.0.40219.1
Project("{FAE04EC0-301F-11D3-BF4B-00C04F79EFBC}") = "FinalAssignment", "FinalAssignment\FinalAssignment.csproj", "{FFDBC26A-33AE-4428-A130-45662C53EE09}"
EndProject
Global
	GlobalSection(SolutionConfigurationPlatforms) = preSolution
		Debug|Any CPU = Debug|Any CPU
		Release|Any CPU = Release|Any CPU
	EndGlobalSection
	GlobalSection(ProjectConfigurationPlatforms) = postSolution
		{FFDBC26A-33AE-4428-A130-45662C53EE09}.Debug|Any CPU.ActiveCfg = Debug|Any CPU
		{FFDBC26A-33AE-4428-A130-45662C53EE09}.Debug|Any CPU.Build.0 = Debug|Any CPU
		{FFDBC26A-33AE-4428-A130-45662C53EE09}.Release|Any CPU.ActiveCfg = Release|Any CPU
		{FFDBC26A-33AE-4428-A130-45662C53EE09}.Release|Any CPU.Build.0 = Release|Any CPU
	EndGlobalSection
	GlobalSection(SolutionProperties) = preSolution
		HideSolutionNode = FALSE
	EndGlobalSection
	GlobalSection(ExtensibilityGlobals) = postSolution
		SolutionGuid = {B71ED76E-01A0-4BF9-AEA4-5F85A501C93C}
	EndGlobalSection
EndGlobal
