
Microsoft Visual Studio Solution File, Format Version 12.00
# Visual Studio 15
Project("{FAE04EC0-301F-11D3-BF4B-00C04F79EFBC}") = "Drill_261", "Drill_261\Drill_261.csproj", "{B1539130-7496-4EEA-95E3-045002AF7AC0}"
EndProject
Global
	GlobalSection(SolutionConfigurationPlatforms) = preSolution
		Debug|Any CPU = Debug|Any CPU
		Release|Any CPU = Release|Any CPU
	EndGlobalSection
	GlobalSection(ProjectConfigurationPlatforms) = postSolution
		{B1539130-7496-4EEA-95E3-045002AF7AC0}.Debug|Any CPU.ActiveCfg = Debug|Any CPU
		{B1539130-7496-4EEA-95E3-045002AF7AC0}.Debug|Any CPU.Build.0 = Debug|Any CPU
		{B1539130-7496-4EEA-95E3-045002AF7AC0}.Release|Any CPU.ActiveCfg = Release|Any CPU
		{B1539130-7496-4EEA-95E3-045002AF7AC0}.Release|Any CPU.Build.0 = Release|Any CPU
	EndGlobalSection
EndGlobal
