
Microsoft Visual Studio Solution File, Format Version 12.00
# Visual Studio 15
Project("{FAE04EC0-301F-11D3-BF4B-00C04F79EFBC}") = "Drill_236", "Drill_236\Drill_236.csproj", "{5DFC4043-791D-4E23-AF39-DC2786EAC3CF}"
EndProject
Global
	GlobalSection(SolutionConfigurationPlatforms) = preSolution
		Debug|Any CPU = Debug|Any CPU
		Release|Any CPU = Release|Any CPU
	EndGlobalSection
	GlobalSection(ProjectConfigurationPlatforms) = postSolution
		{5DFC4043-791D-4E23-AF39-DC2786EAC3CF}.Debug|Any CPU.ActiveCfg = Debug|Any CPU
		{5DFC4043-791D-4E23-AF39-DC2786EAC3CF}.Debug|Any CPU.Build.0 = Debug|Any CPU
		{5DFC4043-791D-4E23-AF39-DC2786EAC3CF}.Release|Any CPU.ActiveCfg = Release|Any CPU
		{5DFC4043-791D-4E23-AF39-DC2786EAC3CF}.Release|Any CPU.Build.0 = Release|Any CPU
	EndGlobalSection
EndGlobal
