
Microsoft Visual Studio Solution File, Format Version 12.00
# Visual Studio 15
Project("{FAE04EC0-301F-11D3-BF4B-00C04F79EFBC}") = "Drill_314", "Drill_314\Drill_314.csproj", "{21A46C30-6E27-4A1E-B631-73E1FFD30A29}"
EndProject
Global
	GlobalSection(SolutionConfigurationPlatforms) = preSolution
		Debug|Any CPU = Debug|Any CPU
		Release|Any CPU = Release|Any CPU
	EndGlobalSection
	GlobalSection(ProjectConfigurationPlatforms) = postSolution
		{21A46C30-6E27-4A1E-B631-73E1FFD30A29}.Debug|Any CPU.ActiveCfg = Debug|Any CPU
		{21A46C30-6E27-4A1E-B631-73E1FFD30A29}.Debug|Any CPU.Build.0 = Debug|Any CPU
		{21A46C30-6E27-4A1E-B631-73E1FFD30A29}.Release|Any CPU.ActiveCfg = Release|Any CPU
		{21A46C30-6E27-4A1E-B631-73E1FFD30A29}.Release|Any CPU.Build.0 = Release|Any CPU
	EndGlobalSection
EndGlobal
