
Microsoft Visual Studio Solution File, Format Version 12.00
# Visual Studio 15
Project("{FAE04EC0-301F-11D3-BF4B-00C04F79EFBC}") = "TechAcadStudentsMVC", "TechAcadStudentsMVC\TechAcadStudentsMVC.csproj", "{EF594707-3552-4622-B140-C12235FD8869}"
EndProject
Project("{FAE04EC0-301F-11D3-BF4B-00C04F79EFBC}") = "TechAcadStudentsMVC.Tests", "TechAcadStudentsMVC.Tests\TechAcadStudentsMVC.Tests.csproj", "{F2C28A20-1BB3-4A29-B45B-AFB109718CAF}"
EndProject
Global
	GlobalSection(SolutionConfigurationPlatforms) = preSolution
		Debug|Any CPU = Debug|Any CPU
		Release|Any CPU = Release|Any CPU
	EndGlobalSection
	GlobalSection(ProjectConfigurationPlatforms) = postSolution
		{EF594707-3552-4622-B140-C12235FD8869}.Debug|Any CPU.ActiveCfg = Debug|Any CPU
		{EF594707-3552-4622-B140-C12235FD8869}.Debug|Any CPU.Build.0 = Debug|Any CPU
		{EF594707-3552-4622-B140-C12235FD8869}.Release|Any CPU.ActiveCfg = Release|Any CPU
		{EF594707-3552-4622-B140-C12235FD8869}.Release|Any CPU.Build.0 = Release|Any CPU
		{F2C28A20-1BB3-4A29-B45B-AFB109718CAF}.Debug|Any CPU.ActiveCfg = Debug|Any CPU
		{F2C28A20-1BB3-4A29-B45B-AFB109718CAF}.Debug|Any CPU.Build.0 = Debug|Any CPU
		{F2C28A20-1BB3-4A29-B45B-AFB109718CAF}.Release|Any CPU.ActiveCfg = Release|Any CPU
		{F2C28A20-1BB3-4A29-B45B-AFB109718CAF}.Release|Any CPU.Build.0 = Release|Any CPU
	EndGlobalSection
EndGlobal
