
Microsoft Visual Studio Solution File, Format Version 12.00
# Visual Studio 15
Project("{FAE04EC0-301F-11D3-BF4B-00C04F79EFBC}") = "Drill_252", "Drill_252\Drill_252.csproj", "{AB566E26-8975-43FA-94C5-D6C0647A38CD}"
EndProject
Global
	GlobalSection(SolutionConfigurationPlatforms) = preSolution
		Debug|Any CPU = Debug|Any CPU
		Release|Any CPU = Release|Any CPU
	EndGlobalSection
	GlobalSection(ProjectConfigurationPlatforms) = postSolution
		{AB566E26-8975-43FA-94C5-D6C0647A38CD}.Debug|Any CPU.ActiveCfg = Debug|Any CPU
		{AB566E26-8975-43FA-94C5-D6C0647A38CD}.Debug|Any CPU.Build.0 = Debug|Any CPU
		{AB566E26-8975-43FA-94C5-D6C0647A38CD}.Release|Any CPU.ActiveCfg = Release|Any CPU
		{AB566E26-8975-43FA-94C5-D6C0647A38CD}.Release|Any CPU.Build.0 = Release|Any CPU
	EndGlobalSection
EndGlobal
